// !$*UTF8*$!
{
	archiveVersion = 1;
	classes = {
	};
	objectVersion = 46;
	objects = {

/* Begin PBXBuildFile section */
		A61C8DBDE386DBFC2D0240FC /* Pods_TranslatorGridView.framework in Frameworks */ = {isa = PBXBuildFile; fileRef = E67FD33140A42031B6B8F61F /* Pods_TranslatorGridView.framework */; };
		B107777A1F1660810036A524 /* Grid.storyboard in Resources */ = {isa = PBXBuildFile; fileRef = B10777791F1660810036A524 /* Grid.storyboard */; };
		B107777C1F1661490036A524 /* GridViewController.swift in Sources */ = {isa = PBXBuildFile; fileRef = B107777B1F1661490036A524 /* GridViewController.swift */; };
		B107777E1F16652C0036A524 /* StartWindowController.swift in Sources */ = {isa = PBXBuildFile; fileRef = B107777D1F16652C0036A524 /* StartWindowController.swift */; };
		B10777801F1673AE0036A524 /* ListCell.swift in Sources */ = {isa = PBXBuildFile; fileRef = B107777F1F1673AE0036A524 /* ListCell.swift */; };
		B10777821F1677BE0036A524 /* EditingProtocol.swift in Sources */ = {isa = PBXBuildFile; fileRef = B10777811F1677BE0036A524 /* EditingProtocol.swift */; };
		B10777841F175FAC0036A524 /* ToolbarProtocol.swift in Sources */ = {isa = PBXBuildFile; fileRef = B10777831F175FAC0036A524 /* ToolbarProtocol.swift */; };
		B113F7661F14C6BC006A0FC7 /* VerticallyAlignedTextFieldCell.swift in Sources */ = {isa = PBXBuildFile; fileRef = B113F7651F14C6BC006A0FC7 /* VerticallyAlignedTextFieldCell.swift */; };
		B16FFA8F1F14E265003189DF /* EditableTextField.swift in Sources */ = {isa = PBXBuildFile; fileRef = B16FFA8E1F14E265003189DF /* EditableTextField.swift */; };
		B1706E5C1F0F8994001F0EFB /* AppDelegate.swift in Sources */ = {isa = PBXBuildFile; fileRef = B1706E5B1F0F8994001F0EFB /* AppDelegate.swift */; };
		B1706E5E1F0F8994001F0EFB /* ViewController.swift in Sources */ = {isa = PBXBuildFile; fileRef = B1706E5D1F0F8994001F0EFB /* ViewController.swift */; };
		B1706E601F0F8994001F0EFB /* Assets.xcassets in Resources */ = {isa = PBXBuildFile; fileRef = B1706E5F1F0F8994001F0EFB /* Assets.xcassets */; };
		B1706E631F0F8994001F0EFB /* Main.storyboard in Resources */ = {isa = PBXBuildFile; fileRef = B1706E611F0F8994001F0EFB /* Main.storyboard */; };
		B181C18A1F16272D009B82EC /* AddNewController.swift in Sources */ = {isa = PBXBuildFile; fileRef = B181C1891F16272D009B82EC /* AddNewController.swift */; };
		B181C18D1F162826009B82EC /* AddNewProtocol.swift in Sources */ = {isa = PBXBuildFile; fileRef = B181C18C1F162826009B82EC /* AddNewProtocol.swift */; };
		B183535F1F0FBF5E00EDFE6E /* ListContoller.swift in Sources */ = {isa = PBXBuildFile; fileRef = B183535E1F0FBF5E00EDFE6E /* ListContoller.swift */; };
		B18353611F0FC26B00EDFE6E /* SplitViewProtocol.swift in Sources */ = {isa = PBXBuildFile; fileRef = B18353601F0FC26B00EDFE6E /* SplitViewProtocol.swift */; };
		B1D881301F14B54000F931FB /* StartViewController.swift in Sources */ = {isa = PBXBuildFile; fileRef = B1D8812F1F14B54000F931FB /* StartViewController.swift */; };
		B1D881321F14BC0500F931FB /* AppCore.swift in Sources */ = {isa = PBXBuildFile; fileRef = B1D881311F14BC0500F931FB /* AppCore.swift */; };
		B1D881361F14C24A00F931FB /* EditableCell.swift in Sources */ = {isa = PBXBuildFile; fileRef = B1D881351F14C24A00F931FB /* EditableCell.swift */; };
/* End PBXBuildFile section */

/* Begin PBXFileReference section */
		05E2A964FEC444B5DC0E85E3 /* Pods-TranslatorGridView.debug.xcconfig */ = {isa = PBXFileReference; includeInIndex = 1; lastKnownFileType = text.xcconfig; name = "Pods-TranslatorGridView.debug.xcconfig"; path = "Pods/Target Support Files/Pods-TranslatorGridView/Pods-TranslatorGridView.debug.xcconfig"; sourceTree = "<group>"; };
		B10777791F1660810036A524 /* Grid.storyboard */ = {isa = PBXFileReference; fileEncoding = 4; lastKnownFileType = file.storyboard; path = Grid.storyboard; sourceTree = "<group>"; };
		B107777B1F1661490036A524 /* GridViewController.swift */ = {isa = PBXFileReference; fileEncoding = 4; lastKnownFileType = sourcecode.swift; path = GridViewController.swift; sourceTree = "<group>"; };
		B107777D1F16652C0036A524 /* StartWindowController.swift */ = {isa = PBXFileReference; fileEncoding = 4; lastKnownFileType = sourcecode.swift; path = StartWindowController.swift; sourceTree = "<group>"; };
		B107777F1F1673AE0036A524 /* ListCell.swift */ = {isa = PBXFileReference; fileEncoding = 4; lastKnownFileType = sourcecode.swift; path = ListCell.swift; sourceTree = "<group>"; };
		B10777811F1677BE0036A524 /* EditingProtocol.swift */ = {isa = PBXFileReference; fileEncoding = 4; lastKnownFileType = sourcecode.swift; path = EditingProtocol.swift; sourceTree = "<group>"; };
		B10777831F175FAC0036A524 /* ToolbarProtocol.swift */ = {isa = PBXFileReference; fileEncoding = 4; lastKnownFileType = sourcecode.swift; path = ToolbarProtocol.swift; sourceTree = "<group>"; };
		B113F7651F14C6BC006A0FC7 /* VerticallyAlignedTextFieldCell.swift */ = {isa = PBXFileReference; fileEncoding = 4; lastKnownFileType = sourcecode.swift; path = VerticallyAlignedTextFieldCell.swift; sourceTree = "<group>"; };
		B16FFA8E1F14E265003189DF /* EditableTextField.swift */ = {isa = PBXFileReference; fileEncoding = 4; lastKnownFileType = sourcecode.swift; path = EditableTextField.swift; sourceTree = "<group>"; };
		B1706E581F0F8994001F0EFB /* TranslatorGridView.app */ = {isa = PBXFileReference; explicitFileType = wrapper.application; includeInIndex = 0; path = TranslatorGridView.app; sourceTree = BUILT_PRODUCTS_DIR; };
		B1706E5B1F0F8994001F0EFB /* AppDelegate.swift */ = {isa = PBXFileReference; lastKnownFileType = sourcecode.swift; path = AppDelegate.swift; sourceTree = "<group>"; };
		B1706E5D1F0F8994001F0EFB /* ViewController.swift */ = {isa = PBXFileReference; lastKnownFileType = sourcecode.swift; path = ViewController.swift; sourceTree = "<group>"; };
		B1706E5F1F0F8994001F0EFB /* Assets.xcassets */ = {isa = PBXFileReference; lastKnownFileType = folder.assetcatalog; path = Assets.xcassets; sourceTree = "<group>"; };
		B1706E621F0F8994001F0EFB /* Base */ = {isa = PBXFileReference; lastKnownFileType = file.storyboard; name = Base; path = Base.lproj/Main.storyboard; sourceTree = "<group>"; };
		B1706E641F0F8994001F0EFB /* Info.plist */ = {isa = PBXFileReference; lastKnownFileType = text.plist.xml; path = Info.plist; sourceTree = "<group>"; };
		B181C1891F16272D009B82EC /* AddNewController.swift */ = {isa = PBXFileReference; fileEncoding = 4; lastKnownFileType = sourcecode.swift; path = AddNewController.swift; sourceTree = "<group>"; };
		B181C18C1F162826009B82EC /* AddNewProtocol.swift */ = {isa = PBXFileReference; fileEncoding = 4; lastKnownFileType = sourcecode.swift; path = AddNewProtocol.swift; sourceTree = "<group>"; };
		B183535E1F0FBF5E00EDFE6E /* ListContoller.swift */ = {isa = PBXFileReference; fileEncoding = 4; lastKnownFileType = sourcecode.swift; path = ListContoller.swift; sourceTree = "<group>"; };
		B18353601F0FC26B00EDFE6E /* SplitViewProtocol.swift */ = {isa = PBXFileReference; fileEncoding = 4; lastKnownFileType = sourcecode.swift; path = SplitViewProtocol.swift; sourceTree = "<group>"; };
		B1D8812F1F14B54000F931FB /* StartViewController.swift */ = {isa = PBXFileReference; fileEncoding = 4; lastKnownFileType = sourcecode.swift; path = StartViewController.swift; sourceTree = "<group>"; };
		B1D881311F14BC0500F931FB /* AppCore.swift */ = {isa = PBXFileReference; fileEncoding = 4; lastKnownFileType = sourcecode.swift; path = AppCore.swift; sourceTree = "<group>"; };
		B1D881351F14C24A00F931FB /* EditableCell.swift */ = {isa = PBXFileReference; fileEncoding = 4; lastKnownFileType = sourcecode.swift; path = EditableCell.swift; sourceTree = "<group>"; };
		CF157EE2194FEF7F2AD4E329 /* Pods_TranslatorGridViewUITests.framework */ = {isa = PBXFileReference; explicitFileType = wrapper.framework; includeInIndex = 0; path = Pods_TranslatorGridViewUITests.framework; sourceTree = BUILT_PRODUCTS_DIR; };
		D346353CDAF610850CAF20AA /* Pods_TranslatorGridViewTests.framework */ = {isa = PBXFileReference; explicitFileType = wrapper.framework; includeInIndex = 0; path = Pods_TranslatorGridViewTests.framework; sourceTree = BUILT_PRODUCTS_DIR; };
		E3A5DAC62EE567A5C1BA4F9E /* Pods-TranslatorGridView.release.xcconfig */ = {isa = PBXFileReference; includeInIndex = 1; lastKnownFileType = text.xcconfig; name = "Pods-TranslatorGridView.release.xcconfig"; path = "Pods/Target Support Files/Pods-TranslatorGridView/Pods-TranslatorGridView.release.xcconfig"; sourceTree = "<group>"; };
		E67FD33140A42031B6B8F61F /* Pods_TranslatorGridView.framework */ = {isa = PBXFileReference; explicitFileType = wrapper.framework; includeInIndex = 0; path = Pods_TranslatorGridView.framework; sourceTree = BUILT_PRODUCTS_DIR; };
/* End PBXFileReference section */

/* Begin PBXFrameworksBuildPhase section */
		B1706E551F0F8994001F0EFB /* Frameworks */ = {
			isa = PBXFrameworksBuildPhase;
			buildActionMask = 2147483647;
			files = (
				A61C8DBDE386DBFC2D0240FC /* Pods_TranslatorGridView.framework in Frameworks */,
			);
			runOnlyForDeploymentPostprocessing = 0;
		};
/* End PBXFrameworksBuildPhase section */

/* Begin PBXGroup section */
		4A4622739217731FADDC35CB /* Pods */ = {
			isa = PBXGroup;
			children = (
				05E2A964FEC444B5DC0E85E3 /* Pods-TranslatorGridView.debug.xcconfig */,
				E3A5DAC62EE567A5C1BA4F9E /* Pods-TranslatorGridView.release.xcconfig */,
			);
			name = Pods;
			sourceTree = "<group>";
		};
		B1706E4F1F0F8994001F0EFB = {
			isa = PBXGroup;
			children = (
				B1706E5A1F0F8994001F0EFB /* TranslatorGridView */,
				B1706E591F0F8994001F0EFB /* Products */,
				4A4622739217731FADDC35CB /* Pods */,
				BB04C5344A83F60EAEE45FDD /* Frameworks */,
			);
			sourceTree = "<group>";
		};
		B1706E591F0F8994001F0EFB /* Products */ = {
			isa = PBXGroup;
			children = (
				B1706E581F0F8994001F0EFB /* TranslatorGridView.app */,
			);
			name = Products;
			sourceTree = "<group>";
		};
		B1706E5A1F0F8994001F0EFB /* TranslatorGridView */ = {
			isa = PBXGroup;
			children = (
				B181C18B1F162736009B82EC /* Protocols */,
				B1D881341F14C22100F931FB /* Views */,
				B1D881331F14BD8800F931FB /* Controllers */,
				B1706E5B1F0F8994001F0EFB /* AppDelegate.swift */,
				B1706E5F1F0F8994001F0EFB /* Assets.xcassets */,
				B1706E611F0F8994001F0EFB /* Main.storyboard */,
				B1706E641F0F8994001F0EFB /* Info.plist */,
				B1D881311F14BC0500F931FB /* AppCore.swift */,
				B10777791F1660810036A524 /* Grid.storyboard */,
			);
			path = TranslatorGridView;
			sourceTree = "<group>";
		};
		B181C18B1F162736009B82EC /* Protocols */ = {
			isa = PBXGroup;
			children = (
				B18353601F0FC26B00EDFE6E /* SplitViewProtocol.swift */,
				B181C18C1F162826009B82EC /* AddNewProtocol.swift */,
				B10777811F1677BE0036A524 /* EditingProtocol.swift */,
				B10777831F175FAC0036A524 /* ToolbarProtocol.swift */,
			);
			name = Protocols;
			sourceTree = "<group>";
		};
		B1D881331F14BD8800F931FB /* Controllers */ = {
			isa = PBXGroup;
			children = (
				B1706E5D1F0F8994001F0EFB /* ViewController.swift */,
				B1D8812F1F14B54000F931FB /* StartViewController.swift */,
				B183535E1F0FBF5E00EDFE6E /* ListContoller.swift */,
				B181C1891F16272D009B82EC /* AddNewController.swift */,
				B107777B1F1661490036A524 /* GridViewController.swift */,
				B107777D1F16652C0036A524 /* StartWindowController.swift */,
			);
			name = Controllers;
			sourceTree = "<group>";
		};
		B1D881341F14C22100F931FB /* Views */ = {
			isa = PBXGroup;
			children = (
				B1D881351F14C24A00F931FB /* EditableCell.swift */,
				B113F7651F14C6BC006A0FC7 /* VerticallyAlignedTextFieldCell.swift */,
				B16FFA8E1F14E265003189DF /* EditableTextField.swift */,
				B107777F1F1673AE0036A524 /* ListCell.swift */,
			);
			name = Views;
			sourceTree = "<group>";
		};
		BB04C5344A83F60EAEE45FDD /* Frameworks */ = {
			isa = PBXGroup;
			children = (
				E67FD33140A42031B6B8F61F /* Pods_TranslatorGridView.framework */,
				D346353CDAF610850CAF20AA /* Pods_TranslatorGridViewTests.framework */,
				CF157EE2194FEF7F2AD4E329 /* Pods_TranslatorGridViewUITests.framework */,
			);
			name = Frameworks;
			sourceTree = "<group>";
		};
/* End PBXGroup section */

/* Begin PBXNativeTarget section */
		B1706E571F0F8994001F0EFB /* TranslatorGridView */ = {
			isa = PBXNativeTarget;
			buildConfigurationList = B1706E7D1F0F8995001F0EFB /* Build configuration list for PBXNativeTarget "TranslatorGridView" */;
			buildPhases = (
				AAC3E3DDCB4B48C8B4C7BE85 /* [CP] Check Pods Manifest.lock */,
				B1706E541F0F8994001F0EFB /* Sources */,
				B1706E551F0F8994001F0EFB /* Frameworks */,
				B1706E561F0F8994001F0EFB /* Resources */,
				C38BEC6B9A2ED24C753373D0 /* [CP] Embed Pods Frameworks */,
				526B487EB54B9210BF7A6BD5 /* [CP] Copy Pods Resources */,
			);
			buildRules = (
			);
			dependencies = (
			);
			name = TranslatorGridView;
			productName = TranslatorGridView;
			productReference = B1706E581F0F8994001F0EFB /* TranslatorGridView.app */;
			productType = "com.apple.product-type.application";
		};
/* End PBXNativeTarget section */

/* Begin PBXProject section */
		B1706E501F0F8994001F0EFB /* Project object */ = {
			isa = PBXProject;
			attributes = {
				LastSwiftUpdateCheck = 0830;
				LastUpgradeCheck = 0830;
				ORGANIZATIONNAME = "Luca Becchetti";
				TargetAttributes = {
					B1706E571F0F8994001F0EFB = {
						CreatedOnToolsVersion = 8.3.2;
						DevelopmentTeam = 3NJYMZCH8Y;
						ProvisioningStyle = Automatic;
					};
				};
			};
			buildConfigurationList = B1706E531F0F8994001F0EFB /* Build configuration list for PBXProject "TranslatorGridView" */;
			compatibilityVersion = "Xcode 3.2";
			developmentRegion = English;
			hasScannedForEncodings = 0;
			knownRegions = (
				en,
				Base,
			);
			mainGroup = B1706E4F1F0F8994001F0EFB;
			productRefGroup = B1706E591F0F8994001F0EFB /* Products */;
			projectDirPath = "";
			projectRoot = "";
			targets = (
				B1706E571F0F8994001F0EFB /* TranslatorGridView */,
			);
		};
/* End PBXProject section */

/* Begin PBXResourcesBuildPhase section */
		B1706E561F0F8994001F0EFB /* Resources */ = {
			isa = PBXResourcesBuildPhase;
			buildActionMask = 2147483647;
			files = (
				B107777A1F1660810036A524 /* Grid.storyboard in Resources */,
				B1706E601F0F8994001F0EFB /* Assets.xcassets in Resources */,
				B1706E631F0F8994001F0EFB /* Main.storyboard in Resources */,
			);
			runOnlyForDeploymentPostprocessing = 0;
		};
/* End PBXResourcesBuildPhase section */

/* Begin PBXShellScriptBuildPhase section */
		526B487EB54B9210BF7A6BD5 /* [CP] Copy Pods Resources */ = {
			isa = PBXShellScriptBuildPhase;
			buildActionMask = 2147483647;
			files = (
			);
			inputPaths = (
			);
			name = "[CP] Copy Pods Resources";
			outputPaths = (
			);
			runOnlyForDeploymentPostprocessing = 0;
			shellPath = /bin/sh;
			shellScript = "\"${SRCROOT}/Pods/Target Support Files/Pods-TranslatorGridView/Pods-TranslatorGridView-resources.sh\"\n";
			showEnvVarsInLog = 0;
		};
		AAC3E3DDCB4B48C8B4C7BE85 /* [CP] Check Pods Manifest.lock */ = {
			isa = PBXShellScriptBuildPhase;
			buildActionMask = 2147483647;
			files = (
			);
			inputPaths = (
			);
			name = "[CP] Check Pods Manifest.lock";
			outputPaths = (
			);
			runOnlyForDeploymentPostprocessing = 0;
			shellPath = /bin/sh;
			shellScript = "diff \"${PODS_PODFILE_DIR_PATH}/Podfile.lock\" \"${PODS_ROOT}/Manifest.lock\" > /dev/null\nif [ $? != 0 ] ; then\n    # print error to STDERR\n    echo \"error: The sandbox is not in sync with the Podfile.lock. Run 'pod install' or update your CocoaPods installation.\" >&2\n    exit 1\nfi\n";
			showEnvVarsInLog = 0;
		};
		C38BEC6B9A2ED24C753373D0 /* [CP] Embed Pods Frameworks */ = {
			isa = PBXShellScriptBuildPhase;
			buildActionMask = 2147483647;
			files = (
			);
			inputPaths = (
			);
			name = "[CP] Embed Pods Frameworks";
			outputPaths = (
			);
			runOnlyForDeploymentPostprocessing = 0;
			shellPath = /bin/sh;
			shellScript = "\"${SRCROOT}/Pods/Target Support Files/Pods-TranslatorGridView/Pods-TranslatorGridView-frameworks.sh\"\n";
			showEnvVarsInLog = 0;
		};
/* End PBXShellScriptBuildPhase section */

/* Begin PBXSourcesBuildPhase section */
		B1706E541F0F8994001F0EFB /* Sources */ = {
			isa = PBXSourcesBuildPhase;
			buildActionMask = 2147483647;
			files = (
				B1D881321F14BC0500F931FB /* AppCore.swift in Sources */,
				B1706E5E1F0F8994001F0EFB /* ViewController.swift in Sources */,
				B181C18D1F162826009B82EC /* AddNewProtocol.swift in Sources */,
				B10777801F1673AE0036A524 /* ListCell.swift in Sources */,
				B16FFA8F1F14E265003189DF /* EditableTextField.swift in Sources */,
				B10777841F175FAC0036A524 /* ToolbarProtocol.swift in Sources */,
				B107777E1F16652C0036A524 /* StartWindowController.swift in Sources */,
				B1D881301F14B54000F931FB /* StartViewController.swift in Sources */,
				B181C18A1F16272D009B82EC /* AddNewController.swift in Sources */,
				B113F7661F14C6BC006A0FC7 /* VerticallyAlignedTextFieldCell.swift in Sources */,
				B183535F1F0FBF5E00EDFE6E /* ListContoller.swift in Sources */,
				B107777C1F1661490036A524 /* GridViewController.swift in Sources */,
				B1706E5C1F0F8994001F0EFB /* AppDelegate.swift in Sources */,
				B1D881361F14C24A00F931FB /* EditableCell.swift in Sources */,
				B10777821F1677BE0036A524 /* EditingProtocol.swift in Sources */,
				B18353611F0FC26B00EDFE6E /* SplitViewProtocol.swift in Sources */,
			);
			runOnlyForDeploymentPostprocessing = 0;
		};
/* End PBXSourcesBuildPhase section */

/* Begin PBXVariantGroup section */
		B1706E611F0F8994001F0EFB /* Main.storyboard */ = {
			isa = PBXVariantGroup;
			children = (
				B1706E621F0F8994001F0EFB /* Base */,
			);
			name = Main.storyboard;
			sourceTree = "<group>";
		};
/* End PBXVariantGroup section */

/* Begin XCBuildConfiguration section */
		B1706E7B1F0F8995001F0EFB /* Debug */ = {
			isa = XCBuildConfiguration;
			buildSettings = {
				ALWAYS_SEARCH_USER_PATHS = NO;
				CLANG_ANALYZER_NONNULL = YES;
				CLANG_ANALYZER_NUMBER_OBJECT_CONVERSION = YES_AGGRESSIVE;
				CLANG_CXX_LANGUAGE_STANDARD = "gnu++0x";
				CLANG_CXX_LIBRARY = "libc++";
				CLANG_ENABLE_MODULES = YES;
				CLANG_ENABLE_OBJC_ARC = YES;
				CLANG_WARN_BOOL_CONVERSION = YES;
				CLANG_WARN_CONSTANT_CONVERSION = YES;
				CLANG_WARN_DIRECT_OBJC_ISA_USAGE = YES_ERROR;
				CLANG_WARN_DOCUMENTATION_COMMENTS = YES;
				CLANG_WARN_EMPTY_BODY = YES;
				CLANG_WARN_ENUM_CONVERSION = YES;
				CLANG_WARN_INFINITE_RECURSION = YES;
				CLANG_WARN_INT_CONVERSION = YES;
				CLANG_WARN_OBJC_ROOT_CLASS = YES_ERROR;
				CLANG_WARN_SUSPICIOUS_MOVE = YES;
				CLANG_WARN_UNREACHABLE_CODE = YES;
				CLANG_WARN__DUPLICATE_METHOD_MATCH = YES;
				CODE_SIGN_IDENTITY = "-";
				COPY_PHASE_STRIP = NO;
				DEBUG_INFORMATION_FORMAT = dwarf;
				ENABLE_STRICT_OBJC_MSGSEND = YES;
				ENABLE_TESTABILITY = YES;
				GCC_C_LANGUAGE_STANDARD = gnu99;
				GCC_DYNAMIC_NO_PIC = NO;
				GCC_NO_COMMON_BLOCKS = YES;
				GCC_OPTIMIZATION_LEVEL = 0;
				GCC_PREPROCESSOR_DEFINITIONS = (
					"DEBUG=1",
					"$(inherited)",
				);
				GCC_WARN_64_TO_32_BIT_CONVERSION = YES;
				GCC_WARN_ABOUT_RETURN_TYPE = YES_ERROR;
				GCC_WARN_UNDECLARED_SELECTOR = YES;
				GCC_WARN_UNINITIALIZED_AUTOS = YES_AGGRESSIVE;
				GCC_WARN_UNUSED_FUNCTION = YES;
				GCC_WARN_UNUSED_VARIABLE = YES;
				MACOSX_DEPLOYMENT_TARGET = 10.12;
				MTL_ENABLE_DEBUG_INFO = YES;
				ONLY_ACTIVE_ARCH = YES;
				SDKROOT = macosx;
				SWIFT_ACTIVE_COMPILATION_CONDITIONS = DEBUG;
				SWIFT_OPTIMIZATION_LEVEL = "-Onone";
			};
			name = Debug;
		};
		B1706E7C1F0F8995001F0EFB /* Release */ = {
			isa = XCBuildConfiguration;
			buildSettings = {
				ALWAYS_SEARCH_USER_PATHS = NO;
				CLANG_ANALYZER_NONNULL = YES;
				CLANG_ANALYZER_NUMBER_OBJECT_CONVERSION = YES_AGGRESSIVE;
				CLANG_CXX_LANGUAGE_STANDARD = "gnu++0x";
				CLANG_CXX_LIBRARY = "libc++";
				CLANG_ENABLE_MODULES = YES;
				CLANG_ENABLE_OBJC_ARC = YES;
				CLANG_WARN_BOOL_CONVERSION = YES;
				CLANG_WARN_CONSTANT_CONVERSION = YES;
				CLANG_WARN_DIRECT_OBJC_ISA_USAGE = YES_ERROR;
				CLANG_WARN_DOCUMENTATION_COMMENTS = YES;
				CLANG_WARN_EMPTY_BODY = YES;
				CLANG_WARN_ENUM_CONVERSION = YES;
				CLANG_WARN_INFINITE_RECURSION = YES;
				CLANG_WARN_INT_CONVERSION = YES;
				CLANG_WARN_OBJC_ROOT_CLASS = YES_ERROR;
				CLANG_WARN_SUSPICIOUS_MOVE = YES;
				CLANG_WARN_UNREACHABLE_CODE = YES;
				CLANG_WARN__DUPLICATE_METHOD_MATCH = YES;
				CODE_SIGN_IDENTITY = "-";
				COPY_PHASE_STRIP = NO;
				DEBUG_INFORMATION_FORMAT = "dwarf-with-dsym";
				ENABLE_NS_ASSERTIONS = NO;
				ENABLE_STRICT_OBJC_MSGSEND = YES;
				GCC_C_LANGUAGE_STANDARD = gnu99;
				GCC_NO_COMMON_BLOCKS = YES;
				GCC_WARN_64_TO_32_BIT_CONVERSION = YES;
				GCC_WARN_ABOUT_RETURN_TYPE = YES_ERROR;
				GCC_WARN_UNDECLARED_SELECTOR = YES;
				GCC_WARN_UNINITIALIZED_AUTOS = YES_AGGRESSIVE;
				GCC_WARN_UNUSED_FUNCTION = YES;
				GCC_WARN_UNUSED_VARIABLE = YES;
				MACOSX_DEPLOYMENT_TARGET = 10.12;
				MTL_ENABLE_DEBUG_INFO = NO;
				SDKROOT = macosx;
				SWIFT_OPTIMIZATION_LEVEL = "-Owholemodule";
			};
			name = Release;
		};
		B1706E7E1F0F8995001F0EFB /* Debug */ = {
			isa = XCBuildConfiguration;
			baseConfigurationReference = 05E2A964FEC444B5DC0E85E3 /* Pods-TranslatorGridView.debug.xcconfig */;
			buildSettings = {
				ASSETCATALOG_COMPILER_APPICON_NAME = AppIcon;
				COMBINE_HIDPI_IMAGES = YES;
				DEVELOPMENT_TEAM = 3NJYMZCH8Y;
				INFOPLIST_FILE = TranslatorGridView/Info.plist;
				LD_RUNPATH_SEARCH_PATHS = "$(inherited) @executable_path/../Frameworks";
				PRODUCT_BUNDLE_IDENTIFIER = v.TranslatorGridView;
				PRODUCT_NAME = "$(TARGET_NAME)";
				SWIFT_VERSION = 3.0;
			};
			name = Debug;
		};
		B1706E7F1F0F8995001F0EFB /* Release */ = {
			isa = XCBuildConfiguration;
			baseConfigurationReference = E3A5DAC62EE567A5C1BA4F9E /* Pods-TranslatorGridView.release.xcconfig */;
			buildSettings = {
				ASSETCATALOG_COMPILER_APPICON_NAME = AppIcon;
				COMBINE_HIDPI_IMAGES = YES;
				DEVELOPMENT_TEAM = 3NJYMZCH8Y;
				INFOPLIST_FILE = TranslatorGridView/Info.plist;
				LD_RUNPATH_SEARCH_PATHS = "$(inherited) @executable_path/../Frameworks";
				PRODUCT_BUNDLE_IDENTIFIER = v.TranslatorGridView;
				PRODUCT_NAME = "$(TARGET_NAME)";
				SWIFT_VERSION = 3.0;
			};
			name = Release;
		};
/* End XCBuildConfiguration section */

/* Begin XCConfigurationList section */
		B1706E531F0F8994001F0EFB /* Build configuration list for PBXProject "TranslatorGridView" */ = {
			isa = XCConfigurationList;
			buildConfigurations = (
				B1706E7B1F0F8995001F0EFB /* Debug */,
				B1706E7C1F0F8995001F0EFB /* Release */,
			);
			defaultConfigurationIsVisible = 0;
			defaultConfigurationName = Release;
		};
		B1706E7D1F0F8995001F0EFB /* Build configuration list for PBXNativeTarget "TranslatorGridView" */ = {
			isa = XCConfigurationList;
			buildConfigurations = (
				B1706E7E1F0F8995001F0EFB /* Debug */,
				B1706E7F1F0F8995001F0EFB /* Release */,
			);
			defaultConfigurationIsVisible = 0;
			defaultConfigurationName = Release;
		};
/* End XCConfigurationList section */
	};
	rootObject = B1706E501F0F8994001F0EFB /* Project object */;
}
